
Microsoft Visual Studio Solution File, Format Version 12.00
# Visual Studio Version 16
VisualStudioVersion = 16.0.30907.101
MinimumVisualStudioVersion = 10.0.40219.1
Project("{FAE04EC0-301F-11D3-BF4B-00C04F79EFBC}") = "WebHello", "WebHello\WebHello.csproj", "{2EDE4B05-B54B-4F89-AB89-8CB787E43281}"
EndProject
Global
	GlobalSection(SolutionConfigurationPlatforms) = preSolution
		Debug|Any CPU = Debug|Any CPU
		Release|Any CPU = Release|Any CPU
	EndGlobalSection
	GlobalSection(ProjectConfigurationPlatforms) = postSolution
		{2EDE4B05-B54B-4F89-AB89-8CB787E43281}.Debug|Any CPU.ActiveCfg = Debug|Any CPU
		{2EDE4B05-B54B-4F89-AB89-8CB787E43281}.Debug|Any CPU.Build.0 = Debug|Any CPU
		{2EDE4B05-B54B-4F89-AB89-8CB787E43281}.Release|Any CPU.ActiveCfg = Release|Any CPU
		{2EDE4B05-B54B-4F89-AB89-8CB787E43281}.Release|Any CPU.Build.0 = Release|Any CPU
	EndGlobalSection
	GlobalSection(SolutionProperties) = preSolution
		HideSolutionNode = FALSE
	EndGlobalSection
	GlobalSection(ExtensibilityGlobals) = postSolution
		SolutionGuid = {A1FBB66A-22ED-4A70-8BFA-9B8439A39CFE}
	EndGlobalSection
EndGlobal
